
Microsoft Visual Studio Solution File, Format Version 12.00
# Visual Studio Version 17
VisualStudioVersion = 17.13.35919.96 d17.13
MinimumVisualStudioVersion = 10.0.40219.1
Project("{FAE04EC0-301F-11D3-BF4B-00C04F79EFBC}") = "Plantilla de desarrollo WPF", "Plantilla de desarrollo WPF\Plantilla de desarrollo WPF.csproj", "{4D52C13B-69A2-4B9E-87A5-81F2C9A30C0D}"
EndProject
Global
	GlobalSection(SolutionConfigurationPlatforms) = preSolution
		Debug|Any CPU = Debug|Any CPU
		Release|Any CPU = Release|Any CPU
	EndGlobalSection
	GlobalSection(ProjectConfigurationPlatforms) = postSolution
		{4D52C13B-69A2-4B9E-87A5-81F2C9A30C0D}.Debug|Any CPU.ActiveCfg = Debug|Any CPU
		{4D52C13B-69A2-4B9E-87A5-81F2C9A30C0D}.Debug|Any CPU.Build.0 = Debug|Any CPU
		{4D52C13B-69A2-4B9E-87A5-81F2C9A30C0D}.Release|Any CPU.ActiveCfg = Release|Any CPU
		{4D52C13B-69A2-4B9E-87A5-81F2C9A30C0D}.Release|Any CPU.Build.0 = Release|Any CPU
	EndGlobalSection
	GlobalSection(SolutionProperties) = preSolution
		HideSolutionNode = FALSE
	EndGlobalSection
	GlobalSection(ExtensibilityGlobals) = postSolution
		SolutionGuid = {19DB90B1-8EF4-4F86-9EDA-3E2D5103E951}
	EndGlobalSection
EndGlobal
